
Microsoft Visual Studio Solution File, Format Version 12.00
# Visual Studio Version 17
VisualStudioVersion = 17.11.35312.102
MinimumVisualStudioVersion = 10.0.40219.1
Project("{FAE04EC0-301F-11D3-BF4B-00C04F79EFBC}") = "Module2LINQ", "Module2LINQ\Module2LINQ.csproj", "{5E0B5042-A51F-479C-9490-CAE52F17CCB5}"
EndProject
Global
	GlobalSection(SolutionConfigurationPlatforms) = preSolution
		Debug|Any CPU = Debug|Any CPU
		Release|Any CPU = Release|Any CPU
	EndGlobalSection
	GlobalSection(ProjectConfigurationPlatforms) = postSolution
		{5E0B5042-A51F-479C-9490-CAE52F17CCB5}.Debug|Any CPU.ActiveCfg = Debug|Any CPU
		{5E0B5042-A51F-479C-9490-CAE52F17CCB5}.Debug|Any CPU.Build.0 = Debug|Any CPU
		{5E0B5042-A51F-479C-9490-CAE52F17CCB5}.Release|Any CPU.ActiveCfg = Release|Any CPU
		{5E0B5042-A51F-479C-9490-CAE52F17CCB5}.Release|Any CPU.Build.0 = Release|Any CPU
	EndGlobalSection
	GlobalSection(SolutionProperties) = preSolution
		HideSolutionNode = FALSE
	EndGlobalSection
	GlobalSection(ExtensibilityGlobals) = postSolution
		SolutionGuid = {D09B9DB9-F306-4599-B2D2-DBAFD2A237DD}
	EndGlobalSection
EndGlobal
